
Microsoft Visual Studio Solution File, Format Version 12.00
# Visual Studio Version 16
VisualStudioVersion = 16.0.29709.97
MinimumVisualStudioVersion = 10.0.40219.1
Project("{FAE04EC0-301F-11D3-BF4B-00C04F79EFBC}") = "files_writeAndRead", "files_writeAndRead\files_writeAndRead.csproj", "{AA0793EC-1F51-467A-AF0A-62C81BC3F0FB}"
EndProject
Global
	GlobalSection(SolutionConfigurationPlatforms) = preSolution
		Debug|Any CPU = Debug|Any CPU
		Release|Any CPU = Release|Any CPU
	EndGlobalSection
	GlobalSection(ProjectConfigurationPlatforms) = postSolution
		{AA0793EC-1F51-467A-AF0A-62C81BC3F0FB}.Debug|Any CPU.ActiveCfg = Debug|Any CPU
		{AA0793EC-1F51-467A-AF0A-62C81BC3F0FB}.Debug|Any CPU.Build.0 = Debug|Any CPU
		{AA0793EC-1F51-467A-AF0A-62C81BC3F0FB}.Release|Any CPU.ActiveCfg = Release|Any CPU
		{AA0793EC-1F51-467A-AF0A-62C81BC3F0FB}.Release|Any CPU.Build.0 = Release|Any CPU
	EndGlobalSection
	GlobalSection(SolutionProperties) = preSolution
		HideSolutionNode = FALSE
	EndGlobalSection
	GlobalSection(ExtensibilityGlobals) = postSolution
		SolutionGuid = {84AFF88A-0BB8-483B-B00E-0AD36A917D84}
	EndGlobalSection
EndGlobal
